PODS:
  - Abstrakt (0.1.0):
    - Auth0 (~> 1.13.0)
    - BigInt (~> 3.1)
    - CryptoSwift (~> 0.13.1)
    - HockeySDK
    - JWTDecode (~> 2.1)
    - KeychainSwift (~> 13.0)
    - secp256k1.swift
    - SocketRocket
    - SwiftyJSON (~> 4.1.0)
  - Auth0 (1.13.0):
    - SimpleKeychain
  - BigInt (3.1.0):
    - SipHash (~> 1.2)
  - CryptoSwift (0.13.1)
  - DropDown (2.3.13)
  - HockeySDK (5.1.4):
    - HockeySDK/DefaultLib (= 5.1.4)
  - HockeySDK/DefaultLib (5.1.4)
  - IQKeyboardManager (6.4.0)
  - JWTDecode (2.3.0)
  - KeychainSwift (13.0.0)
  - libwebp (1.0.3):
    - libwebp/demux (= 1.0.3)
    - libwebp/mux (= 1.0.3)
    - libwebp/webp (= 1.0.3)
  - libwebp/demux (1.0.3):
    - libwebp/webp
  - libwebp/mux (1.0.3):
    - libwebp/demux
  - libwebp/webp (1.0.3)
  - MBProgressHUD (1.1.0)
  - SDWebImage/Core (4.4.7)
  - SDWebImage/WebP (4.4.7):
    - libwebp (< 2.0, >= 0.5)
    - SDWebImage/Core
  - secp256k1.swift (0.1.4)
  - SimpleKeychain (0.9.0)
  - SipHash (1.2.2)
  - SocketRocket (0.5.1)
  - SwiftyJSON (4.1.0)
  - Toast-Swift (5.0.0)

DEPENDENCIES:
  - Abstrakt (from `https://github.com/goabstrakt/Abstrakt-iOS-SDK.git`)
  - DropDown
  - HockeySDK
  - IQKeyboardManager
  - MBProgressHUD
  - SDWebImage/WebP
  - Toast-Swift (~> 5.0.0)

SPEC REPOS:
  https://github.com/cocoapods/specs.git:
    - Auth0
    - BigInt
    - CryptoSwift
    - DropDown
    - HockeySDK
    - IQKeyboardManager
    - JWTDecode
    - KeychainSwift
    - libwebp
    - MBProgressHUD
    - SDWebImage
    - secp256k1.swift
    - SimpleKeychain
    - SipHash
    - SocketRocket
    - SwiftyJSON
    - Toast-Swift

EXTERNAL SOURCES:
  Abstrakt:
    :git: https://github.com/goabstrakt/Abstrakt-iOS-SDK.git

CHECKOUT OPTIONS:
  Abstrakt:
    :commit: ce1ca576b29d2e9fcd2dc93a6f8277e86f6afe34
    :git: https://github.com/goabstrakt/Abstrakt-iOS-SDK.git

SPEC CHECKSUMS:
  Abstrakt: 37a5b5e075be588cf69b7a83d875108ed47bd315
  Auth0: 7e99e1ca69543bc243d9687fd612057072f3eaaf
  BigInt: 76b5dfdfa3e2e478d4ffdf161aeede5502e2742f
  CryptoSwift: ff68c35a53e03177d31aaa2c1e8b3e010aeed6cb
  DropDown: 8a2116376c1981888557f72ec2ffc9a5e0e456ec
  HockeySDK: 15afe6bc0a5bfe3a531fd73dbf082095f37dac3b
  IQKeyboardManager: fcef267266379c003181fc3592f6bdb8bf4db839
  JWTDecode: fb77675c8049c1a7e9433c7cf448c3ce33ee4ac7
  KeychainSwift: 23d6c16cbc33f20fafa30c3d783241b4b87d998c
  libwebp: 057912d6d0abfb6357d8bb05c0ea470301f5d61e
  MBProgressHUD: e7baa36a220447d8aeb12769bf0585582f3866d9
  SDWebImage: c10d14a8883ebd89664f02a422006f66a85c0c5d
  secp256k1.swift: a7e7a214f6db6ce5db32cc6b2b45e5c4dd633634
  SimpleKeychain: 3be49072fd2d82de8fa83d847ef1e548622f8fc5
  SipHash: fad90a4683e420c52ef28063063dbbce248ea6d4
  SocketRocket: d57c7159b83c3c6655745cd15302aa24b6bae531
  SwiftyJSON: c29297daf073d2aa016295d5809cdd68045c39b3
  Toast-Swift: 36f4720243c8582c2be243a60a51e193c761f541

PODFILE CHECKSUM: 2967abbd64ef51dd65693d27576b7274c8a62eee

COCOAPODS: 1.7.5
